
Microsoft Visual Studio Solution File, Format Version 12.00
# Visual Studio Version 17
VisualStudioVersion = 17.14.37012.4 d17.14
MinimumVisualStudioVersion = 10.0.40219.1
Project("{FAE04EC0-301F-11D3-BF4B-00C04F79EFBC}") = "WeatherStationSimulator", "WeatherStationSimulator\WeatherStationSimulator.csproj", "{90ECB860-003A-4B8E-B88A-CD579FEEE7CB}"
EndProject
Global
	GlobalSection(SolutionConfigurationPlatforms) = preSolution
		Debug|Any CPU = Debug|Any CPU
		Release|Any CPU = Release|Any CPU
	EndGlobalSection
	GlobalSection(ProjectConfigurationPlatforms) = postSolution
		{90ECB860-003A-4B8E-B88A-CD579FEEE7CB}.Debug|Any CPU.ActiveCfg = Debug|Any CPU
		{90ECB860-003A-4B8E-B88A-CD579FEEE7CB}.Debug|Any CPU.Build.0 = Debug|Any CPU
		{90ECB860-003A-4B8E-B88A-CD579FEEE7CB}.Release|Any CPU.ActiveCfg = Release|Any CPU
		{90ECB860-003A-4B8E-B88A-CD579FEEE7CB}.Release|Any CPU.Build.0 = Release|Any CPU
	EndGlobalSection
	GlobalSection(SolutionProperties) = preSolution
		HideSolutionNode = FALSE
	EndGlobalSection
	GlobalSection(ExtensibilityGlobals) = postSolution
		SolutionGuid = {1B3B625E-550C-4169-B79C-3F507205504C}
	EndGlobalSection
EndGlobal
